// !$*UTF8*$!
{
	archiveVersion = 1;
	classes = {
	};
	objectVersion = 46;
	objects = {

/* Begin PBXBuildFile section */
		E0BB644E1D90F264002A51E0 /* AppDelegate.swift in Sources */ = {isa = PBXBuildFile; fileRef = E0BB644D1D90F264002A51E0 /* AppDelegate.swift */; };
		E0BB64501D90F264002A51E0 /* FirstViewController.swift in Sources */ = {isa = PBXBuildFile; fileRef = E0BB644F1D90F264002A51E0 /* FirstViewController.swift */; };
		E0BB64521D90F264002A51E0 /* SecondViewController.swift in Sources */ = {isa = PBXBuildFile; fileRef = E0BB64511D90F264002A51E0 /* SecondViewController.swift */; };
		E0BB64551D90F264002A51E0 /* Main.storyboard in Resources */ = {isa = PBXBuildFile; fileRef = E0BB64531D90F264002A51E0 /* Main.storyboard */; };
		E0BB64571D90F264002A51E0 /* Assets.xcassets in Resources */ = {isa = PBXBuildFile; fileRef = E0BB64561D90F264002A51E0 /* Assets.xcassets */; };
		E0BB645A1D90F264002A51E0 /* LaunchScreen.storyboard in Resources */ = {isa = PBXBuildFile; fileRef = E0BB64581D90F264002A51E0 /* LaunchScreen.storyboard */; };
		E0BB64621D90F574002A51E0 /* FlashCardModel.swift in Sources */ = {isa = PBXBuildFile; fileRef = E0BB64611D90F574002A51E0 /* FlashCardModel.swift */; };
/* End PBXBuildFile section */

/* Begin PBXFileReference section */
		E0BB644A1D90F264002A51E0 /* TabbedFlashCards.app */ = {isa = PBXFileReference; explicitFileType = wrapper.application; includeInIndex = 0; path = TabbedFlashCards.app; sourceTree = BUILT_PRODUCTS_DIR; };
		E0BB644D1D90F264002A51E0 /* AppDelegate.swift */ = {isa = PBXFileReference; lastKnownFileType = sourcecode.swift; path = AppDelegate.swift; sourceTree = "<group>"; };
		E0BB644F1D90F264002A51E0 /* FirstViewController.swift */ = {isa = PBXFileReference; lastKnownFileType = sourcecode.swift; path = FirstViewController.swift; sourceTree = "<group>"; };
		E0BB64511D90F264002A51E0 /* SecondViewController.swift */ = {isa = PBXFileReference; lastKnownFileType = sourcecode.swift; path = SecondViewController.swift; sourceTree = "<group>"; };
		E0BB64541D90F264002A51E0 /* Base */ = {isa = PBXFileReference; lastKnownFileType = file.storyboard; name = Base; path = Base.lproj/Main.storyboard; sourceTree = "<group>"; };
		E0BB64561D90F264002A51E0 /* Assets.xcassets */ = {isa = PBXFileReference; lastKnownFileType = folder.assetcatalog; path = Assets.xcassets; sourceTree = "<group>"; };
		E0BB64591D90F264002A51E0 /* Base */ = {isa = PBXFileReference; lastKnownFileType = file.storyboard; name = Base; path = Base.lproj/LaunchScreen.storyboard; sourceTree = "<group>"; };
		E0BB645B1D90F264002A51E0 /* Info.plist */ = {isa = PBXFileReference; lastKnownFileType = text.plist.xml; path = Info.plist; sourceTree = "<group>"; };
		E0BB64611D90F574002A51E0 /* FlashCardModel.swift */ = {isa = PBXFileReference; fileEncoding = 4; lastKnownFileType = sourcecode.swift; path = FlashCardModel.swift; sourceTree = "<group>"; };
/* End PBXFileReference section */

/* Begin PBXFrameworksBuildPhase section */
		E0BB64471D90F264002A51E0 /* Frameworks */ = {
			isa = PBXFrameworksBuildPhase;
			buildActionMask = 2147483647;
			files = (
			);
			runOnlyForDeploymentPostprocessing = 0;
		};
/* End PBXFrameworksBuildPhase section */

/* Begin PBXGroup section */
		E0BB64411D90F263002A51E0 = {
			isa = PBXGroup;
			children = (
				E0BB644C1D90F264002A51E0 /* TabbedFlashCards */,
				E0BB644B1D90F264002A51E0 /* Products */,
			);
			sourceTree = "<group>";
		};
		E0BB644B1D90F264002A51E0 /* Products */ = {
			isa = PBXGroup;
			children = (
				E0BB644A1D90F264002A51E0 /* TabbedFlashCards.app */,
			);
			name = Products;
			sourceTree = "<group>";
		};
		E0BB644C1D90F264002A51E0 /* TabbedFlashCards */ = {
			isa = PBXGroup;
			children = (
				E0BB644D1D90F264002A51E0 /* AppDelegate.swift */,
				E0BB644F1D90F264002A51E0 /* FirstViewController.swift */,
				E0BB64611D90F574002A51E0 /* FlashCardModel.swift */,
				E0BB64511D90F264002A51E0 /* SecondViewController.swift */,
				E0BB64531D90F264002A51E0 /* Main.storyboard */,
				E0BB64561D90F264002A51E0 /* Assets.xcassets */,
				E0BB64581D90F264002A51E0 /* LaunchScreen.storyboard */,
				E0BB645B1D90F264002A51E0 /* Info.plist */,
			);
			path = TabbedFlashCards;
			sourceTree = "<group>";
		};
/* End PBXGroup section */

/* Begin PBXNativeTarget section */
		E0BB64491D90F264002A51E0 /* TabbedFlashCards */ = {
			isa = PBXNativeTarget;
			buildConfigurationList = E0BB645E1D90F264002A51E0 /* Build configuration list for PBXNativeTarget "TabbedFlashCards" */;
			buildPhases = (
				E0BB64461D90F264002A51E0 /* Sources */,
				E0BB64471D90F264002A51E0 /* Frameworks */,
				E0BB64481D90F264002A51E0 /* Resources */,
			);
			buildRules = (
			);
			dependencies = (
			);
			name = TabbedFlashCards;
			productName = TabbedFlashCards;
			productReference = E0BB644A1D90F264002A51E0 /* TabbedFlashCards.app */;
			productType = "com.apple.product-type.application";
		};
/* End PBXNativeTarget section */

/* Begin PBXProject section */
		E0BB64421D90F263002A51E0 /* Project object */ = {
			isa = PBXProject;
			attributes = {
				LastSwiftUpdateCheck = 0730;
				LastUpgradeCheck = 0730;
				ORGANIZATIONNAME = "A290 Spring 2016 - woha";
				TargetAttributes = {
					E0BB64491D90F264002A51E0 = {
						CreatedOnToolsVersion = 7.3.1;
					};
				};
			};
			buildConfigurationList = E0BB64451D90F264002A51E0 /* Build configuration list for PBXProject "TabbedFlashCards" */;
			compatibilityVersion = "Xcode 3.2";
			developmentRegion = English;
			hasScannedForEncodings = 0;
			knownRegions = (
				en,
				Base,
			);
			mainGroup = E0BB64411D90F263002A51E0;
			productRefGroup = E0BB644B1D90F264002A51E0 /* Products */;
			projectDirPath = "";
			projectRoot = "";
			targets = (
				E0BB64491D90F264002A51E0 /* TabbedFlashCards */,
			);
		};
/* End PBXProject section */

/* Begin PBXResourcesBuildPhase section */
		E0BB64481D90F264002A51E0 /* Resources */ = {
			isa = PBXResourcesBuildPhase;
			buildActionMask = 2147483647;
			files = (
				E0BB645A1D90F264002A51E0 /* LaunchScreen.storyboard in Resources */,
				E0BB64571D90F264002A51E0 /* Assets.xcassets in Resources */,
				E0BB64551D90F264002A51E0 /* Main.storyboard in Resources */,
			);
			runOnlyForDeploymentPostprocessing = 0;
		};
/* End PBXResourcesBuildPhase section */

/* Begin PBXSourcesBuildPhase section */
		E0BB64461D90F264002A51E0 /* Sources */ = {
			isa = PBXSourcesBuildPhase;
			buildActionMask = 2147483647;
			files = (
				E0BB64621D90F574002A51E0 /* FlashCardModel.swift in Sources */,
				E0BB64521D90F264002A51E0 /* SecondViewController.swift in Sources */,
				E0BB644E1D90F264002A51E0 /* AppDelegate.swift in Sources */,
				E0BB64501D90F264002A51E0 /* FirstViewController.swift in Sources */,
			);
			runOnlyForDeploymentPostprocessing = 0;
		};
/* End PBXSourcesBuildPhase section */

/* Begin PBXVariantGroup section */
		E0BB64531D90F264002A51E0 /* Main.storyboard */ = {
			isa = PBXVariantGroup;
			children = (
				E0BB64541D90F264002A51E0 /* Base */,
			);
			name = Main.storyboard;
			sourceTree = "<group>";
		};
		E0BB64581D90F264002A51E0 /* LaunchScreen.storyboard */ = {
			isa = PBXVariantGroup;
			children = (
				E0BB64591D90F264002A51E0 /* Base */,
			);
			name = LaunchScreen.storyboard;
			sourceTree = "<group>";
		};
/* End PBXVariantGroup section */

/* Begin XCBuildConfiguration section */
		E0BB645C1D90F264002A51E0 /* Debug */ = {
			isa = XCBuildConfiguration;
			buildSettings = {
				ALWAYS_SEARCH_USER_PATHS = NO;
				CLANG_ANALYZER_NONNULL = YES;
				CLANG_CXX_LANGUAGE_STANDARD = "gnu++0x";
				CLANG_CXX_LIBRARY = "libc++";
				CLANG_ENABLE_MODULES = YES;
				CLANG_ENABLE_OBJC_ARC = YES;
				CLANG_WARN_BOOL_CONVERSION = YES;
				CLANG_WARN_CONSTANT_CONVERSION = YES;
				CLANG_WARN_DIRECT_OBJC_ISA_USAGE = YES_ERROR;
				CLANG_WARN_EMPTY_BODY = YES;
				CLANG_WARN_ENUM_CONVERSION = YES;
				CLANG_WARN_INT_CONVERSION = YES;
				CLANG_WARN_OBJC_ROOT_CLASS = YES_ERROR;
				CLANG_WARN_UNREACHABLE_CODE = YES;
				CLANG_WARN__DUPLICATE_METHOD_MATCH = YES;
				"CODE_SIGN_IDENTITY[sdk=iphoneos*]" = "iPhone Developer";
				COPY_PHASE_STRIP = NO;
				DEBUG_INFORMATION_FORMAT = dwarf;
				ENABLE_STRICT_OBJC_MSGSEND = YES;
				ENABLE_TESTABILITY = YES;
				GCC_C_LANGUAGE_STANDARD = gnu99;
				GCC_DYNAMIC_NO_PIC = NO;
				GCC_NO_COMMON_BLOCKS = YES;
				GCC_OPTIMIZATION_LEVEL = 0;
				GCC_PREPROCESSOR_DEFINITIONS = (
					"DEBUG=1",
					"$(inherited)",
				);
				GCC_WARN_64_TO_32_BIT_CONVERSION = YES;
				GCC_WARN_ABOUT_RETURN_TYPE = YES_ERROR;
				GCC_WARN_UNDECLARED_SELECTOR = YES;
				GCC_WARN_UNINITIALIZED_AUTOS = YES_AGGRESSIVE;
				GCC_WARN_UNUSED_FUNCTION = YES;
				GCC_WARN_UNUSED_VARIABLE = YES;
				IPHONEOS_DEPLOYMENT_TARGET = 9.3;
				MTL_ENABLE_DEBUG_INFO = YES;
				ONLY_ACTIVE_ARCH = YES;
				SDKROOT = iphoneos;
				SWIFT_OPTIMIZATION_LEVEL = "-Onone";
				TARGETED_DEVICE_FAMILY = "1,2";
			};
			name = Debug;
		};
		E0BB645D1D90F264002A51E0 /* Release */ = {
			isa = XCBuildConfiguration;
			buildSettings = {
				ALWAYS_SEARCH_USER_PATHS = NO;
				CLANG_ANALYZER_NONNULL = YES;
				CLANG_CXX_LANGUAGE_STANDARD = "gnu++0x";
				CLANG_CXX_LIBRARY = "libc++";
				CLANG_ENABLE_MODULES = YES;
				CLANG_ENABLE_OBJC_ARC = YES;
				CLANG_WARN_BOOL_CONVERSION = YES;
				CLANG_WARN_CONSTANT_CONVERSION = YES;
				CLANG_WARN_DIRECT_OBJC_ISA_USAGE = YES_ERROR;
				CLANG_WARN_EMPTY_BODY = YES;
				CLANG_WARN_ENUM_CONVERSION = YES;
				CLANG_WARN_INT_CONVERSION = YES;
				CLANG_WARN_OBJC_ROOT_CLASS = YES_ERROR;
				CLANG_WARN_UNREACHABLE_CODE = YES;
				CLANG_WARN__DUPLICATE_METHOD_MATCH = YES;
				"CODE_SIGN_IDENTITY[sdk=iphoneos*]" = "iPhone Developer";
				COPY_PHASE_STRIP = NO;
				DEBUG_INFORMATION_FORMAT = "dwarf-with-dsym";
				ENABLE_NS_ASSERTIONS = NO;
				ENABLE_STRICT_OBJC_MSGSEND = YES;
				GCC_C_LANGUAGE_STANDARD = gnu99;
				GCC_NO_COMMON_BLOCKS = YES;
				GCC_WARN_64_TO_32_BIT_CONVERSION = YES;
				GCC_WARN_ABOUT_RETURN_TYPE = YES_ERROR;
				GCC_WARN_UNDECLARED_SELECTOR = YES;
				GCC_WARN_UNINITIALIZED_AUTOS = YES_AGGRESSIVE;
				GCC_WARN_UNUSED_FUNCTION = YES;
				GCC_WARN_UNUSED_VARIABLE = YES;
				IPHONEOS_DEPLOYMENT_TARGET = 9.3;
				MTL_ENABLE_DEBUG_INFO = NO;
				SDKROOT = iphoneos;
				TARGETED_DEVICE_FAMILY = "1,2";
				VALIDATE_PRODUCT = YES;
			};
			name = Release;
		};
		E0BB645F1D90F264002A51E0 /* Debug */ = {
			isa = XCBuildConfiguration;
			buildSettings = {
				ASSETCATALOG_COMPILER_APPICON_NAME = AppIcon;
				INFOPLIST_FILE = TabbedFlashCards/Info.plist;
				LD_RUNPATH_SEARCH_PATHS = "$(inherited) @executable_path/Frameworks";
				PRODUCT_BUNDLE_IDENTIFIER = edu.indiana.cs.a290.TabbedFlashCards;
				PRODUCT_NAME = "$(TARGET_NAME)";
			};
			name = Debug;
		};
		E0BB64601D90F264002A51E0 /* Release */ = {
			isa = XCBuildConfiguration;
			buildSettings = {
				ASSETCATALOG_COMPILER_APPICON_NAME = AppIcon;
				INFOPLIST_FILE = TabbedFlashCards/Info.plist;
				LD_RUNPATH_SEARCH_PATHS = "$(inherited) @executable_path/Frameworks";
				PRODUCT_BUNDLE_IDENTIFIER = edu.indiana.cs.a290.TabbedFlashCards;
				PRODUCT_NAME = "$(TARGET_NAME)";
			};
			name = Release;
		};
/* End XCBuildConfiguration section */

/* Begin XCConfigurationList section */
		E0BB64451D90F264002A51E0 /* Build configuration list for PBXProject "TabbedFlashCards" */ = {
			isa = XCConfigurationList;
			buildConfigurations = (
				E0BB645C1D90F264002A51E0 /* Debug */,
				E0BB645D1D90F264002A51E0 /* Release */,
			);
			defaultConfigurationIsVisible = 0;
			defaultConfigurationName = Release;
		};
		E0BB645E1D90F264002A51E0 /* Build configuration list for PBXNativeTarget "TabbedFlashCards" */ = {
			isa = XCConfigurationList;
			buildConfigurations = (
				E0BB645F1D90F264002A51E0 /* Debug */,
				E0BB64601D90F264002A51E0 /* Release */,
			);
			defaultConfigurationIsVisible = 0;
		};
/* End XCConfigurationList section */
	};
	rootObject = E0BB64421D90F263002A51E0 /* Project object */;
}
